// !$*UTF8*$!
{
	archiveVersion = 1;
	classes = {
	};
	objectVersion = 46;
	objects = {

/* Begin PBXBuildFile section */
		351699E619BAE354001A84A9 /* Foundation.framework in Frameworks */ = {isa = PBXBuildFile; fileRef = 351699E519BAE354001A84A9 /* Foundation.framework */; };
		351699E819BAE354001A84A9 /* CoreGraphics.framework in Frameworks */ = {isa = PBXBuildFile; fileRef = 351699E719BAE354001A84A9 /* CoreGraphics.framework */; };
		351699EA19BAE354001A84A9 /* UIKit.framework in Frameworks */ = {isa = PBXBuildFile; fileRef = 351699E919BAE354001A84A9 /* UIKit.framework */; };
		351699F019BAE354001A84A9 /* InfoPlist.strings in Resources */ = {isa = PBXBuildFile; fileRef = 351699EE19BAE354001A84A9 /* InfoPlist.strings */; };
		351699F219BAE354001A84A9 /* main.m in Sources */ = {isa = PBXBuildFile; fileRef = 351699F119BAE354001A84A9 /* main.m */; };
		351699F619BAE354001A84A9 /* AppDelegate.m in Sources */ = {isa = PBXBuildFile; fileRef = 351699F519BAE354001A84A9 /* AppDelegate.m */; };
		351699F919BAE354001A84A9 /* Main.storyboard in Resources */ = {isa = PBXBuildFile; fileRef = 351699F719BAE354001A84A9 /* Main.storyboard */; };
		351699FC19BAE354001A84A9 /* ViewController.m in Sources */ = {isa = PBXBuildFile; fileRef = 351699FB19BAE354001A84A9 /* ViewController.m */; };
		351699FE19BAE354001A84A9 /* Images.xcassets in Resources */ = {isa = PBXBuildFile; fileRef = 351699FD19BAE354001A84A9 /* Images.xcassets */; };
		35169A0519BAE354001A84A9 /* XCTest.framework in Frameworks */ = {isa = PBXBuildFile; fileRef = 35169A0419BAE354001A84A9 /* XCTest.framework */; };
		35169A0619BAE354001A84A9 /* Foundation.framework in Frameworks */ = {isa = PBXBuildFile; fileRef = 351699E519BAE354001A84A9 /* Foundation.framework */; };
		35169A0719BAE354001A84A9 /* UIKit.framework in Frameworks */ = {isa = PBXBuildFile; fileRef = 351699E919BAE354001A84A9 /* UIKit.framework */; };
		35169A0F19BAE354001A84A9 /* InfoPlist.strings in Resources */ = {isa = PBXBuildFile; fileRef = 35169A0D19BAE354001A84A9 /* InfoPlist.strings */; };
		35169A1119BAE354001A84A9 /* AnimationExerciseTests.m in Sources */ = {isa = PBXBuildFile; fileRef = 35169A1019BAE354001A84A9 /* AnimationExerciseTests.m */; };
		35169A1B19BAEB3D001A84A9 /* QuartzCore.framework in Frameworks */ = {isa = PBXBuildFile; fileRef = 35169A1A19BAEB3D001A84A9 /* QuartzCore.framework */; };
		35169A2219BB0FD6001A84A9 /* CircleProgress.m in Sources */ = {isa = PBXBuildFile; fileRef = 35169A2119BB0FD6001A84A9 /* CircleProgress.m */; };
		35169A2619BB1F17001A84A9 /* Market_Deco.ttf in Resources */ = {isa = PBXBuildFile; fileRef = 35169A2519BB1F17001A84A9 /* Market_Deco.ttf */; };
/* End PBXBuildFile section */

/* Begin PBXContainerItemProxy section */
		35169A0819BAE354001A84A9 /* PBXContainerItemProxy */ = {
			isa = PBXContainerItemProxy;
			containerPortal = 351699DA19BAE354001A84A9 /* Project object */;
			proxyType = 1;
			remoteGlobalIDString = 351699E119BAE354001A84A9;
			remoteInfo = AnimationExercise;
		};
/* End PBXContainerItemProxy section */

/* Begin PBXFileReference section */
		351699E219BAE354001A84A9 /* AnimationExercise.app */ = {isa = PBXFileReference; explicitFileType = wrapper.application; includeInIndex = 0; path = AnimationExercise.app; sourceTree = BUILT_PRODUCTS_DIR; };
		351699E519BAE354001A84A9 /* Foundation.framework */ = {isa = PBXFileReference; lastKnownFileType = wrapper.framework; name = Foundation.framework; path = System/Library/Frameworks/Foundation.framework; sourceTree = SDKROOT; };
		351699E719BAE354001A84A9 /* CoreGraphics.framework */ = {isa = PBXFileReference; lastKnownFileType = wrapper.framework; name = CoreGraphics.framework; path = System/Library/Frameworks/CoreGraphics.framework; sourceTree = SDKROOT; };
		351699E919BAE354001A84A9 /* UIKit.framework */ = {isa = PBXFileReference; lastKnownFileType = wrapper.framework; name = UIKit.framework; path = System/Library/Frameworks/UIKit.framework; sourceTree = SDKROOT; };
		351699ED19BAE354001A84A9 /* AnimationExercise-Info.plist */ = {isa = PBXFileReference; lastKnownFileType = text.plist.xml; path = "AnimationExercise-Info.plist"; sourceTree = "<group>"; };
		351699EF19BAE354001A84A9 /* en */ = {isa = PBXFileReference; lastKnownFileType = text.plist.strings; name = en; path = en.lproj/InfoPlist.strings; sourceTree = "<group>"; };
		351699F119BAE354001A84A9 /* main.m */ = {isa = PBXFileReference; lastKnownFileType = sourcecode.c.objc; path = main.m; sourceTree = "<group>"; };
		351699F319BAE354001A84A9 /* AnimationExercise-Prefix.pch */ = {isa = PBXFileReference; lastKnownFileType = sourcecode.c.h; path = "AnimationExercise-Prefix.pch"; sourceTree = "<group>"; };
		351699F419BAE354001A84A9 /* AppDelegate.h */ = {isa = PBXFileReference; lastKnownFileType = sourcecode.c.h; path = AppDelegate.h; sourceTree = "<group>"; };
		351699F519BAE354001A84A9 /* AppDelegate.m */ = {isa = PBXFileReference; lastKnownFileType = sourcecode.c.objc; path = AppDelegate.m; sourceTree = "<group>"; };
		351699F819BAE354001A84A9 /* Base */ = {isa = PBXFileReference; lastKnownFileType = file.storyboard; name = Base; path = Base.lproj/Main.storyboard; sourceTree = "<group>"; };
		351699FA19BAE354001A84A9 /* ViewController.h */ = {isa = PBXFileReference; lastKnownFileType = sourcecode.c.h; path = ViewController.h; sourceTree = "<group>"; };
		351699FB19BAE354001A84A9 /* ViewController.m */ = {isa = PBXFileReference; lastKnownFileType = sourcecode.c.objc; path = ViewController.m; sourceTree = "<group>"; };
		351699FD19BAE354001A84A9 /* Images.xcassets */ = {isa = PBXFileReference; lastKnownFileType = folder.assetcatalog; path = Images.xcassets; sourceTree = "<group>"; };
		35169A0319BAE354001A84A9 /* AnimationExerciseTests.xctest */ = {isa = PBXFileReference; explicitFileType = wrapper.cfbundle; includeInIndex = 0; path = AnimationExerciseTests.xctest; sourceTree = BUILT_PRODUCTS_DIR; };
		35169A0419BAE354001A84A9 /* XCTest.framework */ = {isa = PBXFileReference; lastKnownFileType = wrapper.framework; name = XCTest.framework; path = Library/Frameworks/XCTest.framework; sourceTree = DEVELOPER_DIR; };
		35169A0C19BAE354001A84A9 /* AnimationExerciseTests-Info.plist */ = {isa = PBXFileReference; lastKnownFileType = text.plist.xml; path = "AnimationExerciseTests-Info.plist"; sourceTree = "<group>"; };
		35169A0E19BAE354001A84A9 /* en */ = {isa = PBXFileReference; lastKnownFileType = text.plist.strings; name = en; path = en.lproj/InfoPlist.strings; sourceTree = "<group>"; };
		35169A1019BAE354001A84A9 /* AnimationExerciseTests.m */ = {isa = PBXFileReference; lastKnownFileType = sourcecode.c.objc; path = AnimationExerciseTests.m; sourceTree = "<group>"; };
		35169A1A19BAEB3D001A84A9 /* QuartzCore.framework */ = {isa = PBXFileReference; lastKnownFileType = wrapper.framework; name = QuartzCore.framework; path = System/Library/Frameworks/QuartzCore.framework; sourceTree = SDKROOT; };
		35169A2019BB0FD6001A84A9 /* CircleProgress.h */ = {isa = PBXFileReference; fileEncoding = 4; lastKnownFileType = sourcecode.c.h; name = CircleProgress.h; path = Subclass/CircleProgress.h; sourceTree = "<group>"; };
		35169A2119BB0FD6001A84A9 /* CircleProgress.m */ = {isa = PBXFileReference; fileEncoding = 4; lastKnownFileType = sourcecode.c.objc; name = CircleProgress.m; path = Subclass/CircleProgress.m; sourceTree = "<group>"; };
		35169A2519BB1F17001A84A9 /* Market_Deco.ttf */ = {isa = PBXFileReference; lastKnownFileType = file; path = Market_Deco.ttf; sourceTree = "<group>"; };
/* End PBXFileReference section */

/* Begin PBXFrameworksBuildPhase section */
		351699DF19BAE354001A84A9 /* Frameworks */ = {
			isa = PBXFrameworksBuildPhase;
			buildActionMask = 2147483647;
			files = (
				35169A1B19BAEB3D001A84A9 /* QuartzCore.framework in Frameworks */,
				351699E819BAE354001A84A9 /* CoreGraphics.framework in Frameworks */,
				351699EA19BAE354001A84A9 /* UIKit.framework in Frameworks */,
				351699E619BAE354001A84A9 /* Foundation.framework in Frameworks */,
			);
			runOnlyForDeploymentPostprocessing = 0;
		};
		35169A0019BAE354001A84A9 /* Frameworks */ = {
			isa = PBXFrameworksBuildPhase;
			buildActionMask = 2147483647;
			files = (
				35169A0519BAE354001A84A9 /* XCTest.framework in Frameworks */,
				35169A0719BAE354001A84A9 /* UIKit.framework in Frameworks */,
				35169A0619BAE354001A84A9 /* Foundation.framework in Frameworks */,
			);
			runOnlyForDeploymentPostprocessing = 0;
		};
/* End PBXFrameworksBuildPhase section */

/* Begin PBXGroup section */
		351699D919BAE354001A84A9 = {
			isa = PBXGroup;
			children = (
				351699EB19BAE354001A84A9 /* AnimationExercise */,
				35169A0A19BAE354001A84A9 /* AnimationExerciseTests */,
				351699E419BAE354001A84A9 /* Frameworks */,
				351699E319BAE354001A84A9 /* Products */,
			);
			sourceTree = "<group>";
		};
		351699E319BAE354001A84A9 /* Products */ = {
			isa = PBXGroup;
			children = (
				351699E219BAE354001A84A9 /* AnimationExercise.app */,
				35169A0319BAE354001A84A9 /* AnimationExerciseTests.xctest */,
			);
			name = Products;
			sourceTree = "<group>";
		};
		351699E419BAE354001A84A9 /* Frameworks */ = {
			isa = PBXGroup;
			children = (
				35169A1A19BAEB3D001A84A9 /* QuartzCore.framework */,
				351699E519BAE354001A84A9 /* Foundation.framework */,
				351699E719BAE354001A84A9 /* CoreGraphics.framework */,
				351699E919BAE354001A84A9 /* UIKit.framework */,
				35169A0419BAE354001A84A9 /* XCTest.framework */,
			);
			name = Frameworks;
			sourceTree = "<group>";
		};
		351699EB19BAE354001A84A9 /* AnimationExercise */ = {
			isa = PBXGroup;
			children = (
				35169A2419BB1F17001A84A9 /* Fonts */,
				35169A1F19BB0FB3001A84A9 /* Subclass */,
				351699F419BAE354001A84A9 /* AppDelegate.h */,
				351699F519BAE354001A84A9 /* AppDelegate.m */,
				351699F719BAE354001A84A9 /* Main.storyboard */,
				351699FA19BAE354001A84A9 /* ViewController.h */,
				351699FB19BAE354001A84A9 /* ViewController.m */,
				351699FD19BAE354001A84A9 /* Images.xcassets */,
				351699EC19BAE354001A84A9 /* Supporting Files */,
			);
			path = AnimationExercise;
			sourceTree = "<group>";
		};
		351699EC19BAE354001A84A9 /* Supporting Files */ = {
			isa = PBXGroup;
			children = (
				351699ED19BAE354001A84A9 /* AnimationExercise-Info.plist */,
				351699EE19BAE354001A84A9 /* InfoPlist.strings */,
				351699F119BAE354001A84A9 /* main.m */,
				351699F319BAE354001A84A9 /* AnimationExercise-Prefix.pch */,
			);
			name = "Supporting Files";
			sourceTree = "<group>";
		};
		35169A0A19BAE354001A84A9 /* AnimationExerciseTests */ = {
			isa = PBXGroup;
			children = (
				35169A1019BAE354001A84A9 /* AnimationExerciseTests.m */,
				35169A0B19BAE354001A84A9 /* Supporting Files */,
			);
			path = AnimationExerciseTests;
			sourceTree = "<group>";
		};
		35169A0B19BAE354001A84A9 /* Supporting Files */ = {
			isa = PBXGroup;
			children = (
				35169A0C19BAE354001A84A9 /* AnimationExerciseTests-Info.plist */,
				35169A0D19BAE354001A84A9 /* InfoPlist.strings */,
			);
			name = "Supporting Files";
			sourceTree = "<group>";
		};
		35169A1F19BB0FB3001A84A9 /* Subclass */ = {
			isa = PBXGroup;
			children = (
				35169A2019BB0FD6001A84A9 /* CircleProgress.h */,
				35169A2119BB0FD6001A84A9 /* CircleProgress.m */,
			);
			name = Subclass;
			sourceTree = "<group>";
		};
		35169A2419BB1F17001A84A9 /* Fonts */ = {
			isa = PBXGroup;
			children = (
				35169A2519BB1F17001A84A9 /* Market_Deco.ttf */,
			);
			path = Fonts;
			sourceTree = "<group>";
		};
/* End PBXGroup section */

/* Begin PBXNativeTarget section */
		351699E119BAE354001A84A9 /* AnimationExercise */ = {
			isa = PBXNativeTarget;
			buildConfigurationList = 35169A1419BAE354001A84A9 /* Build configuration list for PBXNativeTarget "AnimationExercise" */;
			buildPhases = (
				351699DE19BAE354001A84A9 /* Sources */,
				351699DF19BAE354001A84A9 /* Frameworks */,
				351699E019BAE354001A84A9 /* Resources */,
			);
			buildRules = (
			);
			dependencies = (
			);
			name = AnimationExercise;
			productName = AnimationExercise;
			productReference = 351699E219BAE354001A84A9 /* AnimationExercise.app */;
			productType = "com.apple.product-type.application";
		};
		35169A0219BAE354001A84A9 /* AnimationExerciseTests */ = {
			isa = PBXNativeTarget;
			buildConfigurationList = 35169A1719BAE354001A84A9 /* Build configuration list for PBXNativeTarget "AnimationExerciseTests" */;
			buildPhases = (
				351699FF19BAE354001A84A9 /* Sources */,
				35169A0019BAE354001A84A9 /* Frameworks */,
				35169A0119BAE354001A84A9 /* Resources */,
			);
			buildRules = (
			);
			dependencies = (
				35169A0919BAE354001A84A9 /* PBXTargetDependency */,
			);
			name = AnimationExerciseTests;
			productName = AnimationExerciseTests;
			productReference = 35169A0319BAE354001A84A9 /* AnimationExerciseTests.xctest */;
			productType = "com.apple.product-type.bundle.unit-test";
		};
/* End PBXNativeTarget section */

/* Begin PBXProject section */
		351699DA19BAE354001A84A9 /* Project object */ = {
			isa = PBXProject;
			attributes = {
				LastUpgradeCheck = 0510;
				ORGANIZATIONNAME = "Chua's Company";
				TargetAttributes = {
					35169A0219BAE354001A84A9 = {
						TestTargetID = 351699E119BAE354001A84A9;
					};
				};
			};
			buildConfigurationList = 351699DD19BAE354001A84A9 /* Build configuration list for PBXProject "AnimationExercise" */;
			compatibilityVersion = "Xcode 3.2";
			developmentRegion = English;
			hasScannedForEncodings = 0;
			knownRegions = (
				en,
				Base,
			);
			mainGroup = 351699D919BAE354001A84A9;
			productRefGroup = 351699E319BAE354001A84A9 /* Products */;
			projectDirPath = "";
			projectRoot = "";
			targets = (
				351699E119BAE354001A84A9 /* AnimationExercise */,
				35169A0219BAE354001A84A9 /* AnimationExerciseTests */,
			);
		};
/* End PBXProject section */

/* Begin PBXResourcesBuildPhase section */
		351699E019BAE354001A84A9 /* Resources */ = {
			isa = PBXResourcesBuildPhase;
			buildActionMask = 2147483647;
			files = (
				351699FE19BAE354001A84A9 /* Images.xcassets in Resources */,
				35169A2619BB1F17001A84A9 /* Market_Deco.ttf in Resources */,
				351699F019BAE354001A84A9 /* InfoPlist.strings in Resources */,
				351699F919BAE354001A84A9 /* Main.storyboard in Resources */,
			);
			runOnlyForDeploymentPostprocessing = 0;
		};
		35169A0119BAE354001A84A9 /* Resources */ = {
			isa = PBXResourcesBuildPhase;
			buildActionMask = 2147483647;
			files = (
				35169A0F19BAE354001A84A9 /* InfoPlist.strings in Resources */,
			);
			runOnlyForDeploymentPostprocessing = 0;
		};
/* End PBXResourcesBuildPhase section */

/* Begin PBXSourcesBuildPhase section */
		351699DE19BAE354001A84A9 /* Sources */ = {
			isa = PBXSourcesBuildPhase;
			buildActionMask = 2147483647;
			files = (
				351699FC19BAE354001A84A9 /* ViewController.m in Sources */,
				351699F619BAE354001A84A9 /* AppDelegate.m in Sources */,
				35169A2219BB0FD6001A84A9 /* CircleProgress.m in Sources */,
				351699F219BAE354001A84A9 /* main.m in Sources */,
			);
			runOnlyForDeploymentPostprocessing = 0;
		};
		351699FF19BAE354001A84A9 /* Sources */ = {
			isa = PBXSourcesBuildPhase;
			buildActionMask = 2147483647;
			files = (
				35169A1119BAE354001A84A9 /* AnimationExerciseTests.m in Sources */,
			);
			runOnlyForDeploymentPostprocessing = 0;
		};
/* End PBXSourcesBuildPhase section */

/* Begin PBXTargetDependency section */
		35169A0919BAE354001A84A9 /* PBXTargetDependency */ = {
			isa = PBXTargetDependency;
			target = 351699E119BAE354001A84A9 /* AnimationExercise */;
			targetProxy = 35169A0819BAE354001A84A9 /* PBXContainerItemProxy */;
		};
/* End PBXTargetDependency section */

/* Begin PBXVariantGroup section */
		351699EE19BAE354001A84A9 /* InfoPlist.strings */ = {
			isa = PBXVariantGroup;
			children = (
				351699EF19BAE354001A84A9 /* en */,
			);
			name = InfoPlist.strings;
			sourceTree = "<group>";
		};
		351699F719BAE354001A84A9 /* Main.storyboard */ = {
			isa = PBXVariantGroup;
			children = (
				351699F819BAE354001A84A9 /* Base */,
			);
			name = Main.storyboard;
			sourceTree = "<group>";
		};
		35169A0D19BAE354001A84A9 /* InfoPlist.strings */ = {
			isa = PBXVariantGroup;
			children = (
				35169A0E19BAE354001A84A9 /* en */,
			);
			name = InfoPlist.strings;
			sourceTree = "<group>";
		};
/* End PBXVariantGroup section */

/* Begin XCBuildConfiguration section */
		35169A1219BAE354001A84A9 /* Debug */ = {
			isa = XCBuildConfiguration;
			buildSettings = {
				ALWAYS_SEARCH_USER_PATHS = NO;
				CLANG_CXX_LANGUAGE_STANDARD = "gnu++0x";
				CLANG_CXX_LIBRARY = "libc++";
				CLANG_ENABLE_MODULES = YES;
				CLANG_ENABLE_OBJC_ARC = YES;
				CLANG_WARN_BOOL_CONVERSION = YES;
				CLANG_WARN_CONSTANT_CONVERSION = YES;
				CLANG_WARN_DIRECT_OBJC_ISA_USAGE = YES_ERROR;
				CLANG_WARN_EMPTY_BODY = YES;
				CLANG_WARN_ENUM_CONVERSION = YES;
				CLANG_WARN_INT_CONVERSION = YES;
				CLANG_WARN_OBJC_ROOT_CLASS = YES_ERROR;
				CLANG_WARN__DUPLICATE_METHOD_MATCH = YES;
				"CODE_SIGN_IDENTITY[sdk=iphoneos*]" = "iPhone Developer";
				COPY_PHASE_STRIP = NO;
				GCC_C_LANGUAGE_STANDARD = gnu99;
				GCC_DYNAMIC_NO_PIC = NO;
				GCC_OPTIMIZATION_LEVEL = 0;
				GCC_PREPROCESSOR_DEFINITIONS = (
					"DEBUG=1",
					"$(inherited)",
				);
				GCC_SYMBOLS_PRIVATE_EXTERN = NO;
				GCC_WARN_64_TO_32_BIT_CONVERSION = YES;
				GCC_WARN_ABOUT_RETURN_TYPE = YES_ERROR;
				GCC_WARN_UNDECLARED_SELECTOR = YES;
				GCC_WARN_UNINITIALIZED_AUTOS = YES_AGGRESSIVE;
				GCC_WARN_UNUSED_FUNCTION = YES;
				GCC_WARN_UNUSED_VARIABLE = YES;
				IPHONEOS_DEPLOYMENT_TARGET = 7.1;
				ONLY_ACTIVE_ARCH = YES;
				SDKROOT = iphoneos;
			};
			name = Debug;
		};
		35169A1319BAE354001A84A9 /* Release */ = {
			isa = XCBuildConfiguration;
			buildSettings = {
				ALWAYS_SEARCH_USER_PATHS = NO;
				CLANG_CXX_LANGUAGE_STANDARD = "gnu++0x";
				CLANG_CXX_LIBRARY = "libc++";
				CLANG_ENABLE_MODULES = YES;
				CLANG_ENABLE_OBJC_ARC = YES;
				CLANG_WARN_BOOL_CONVERSION = YES;
				CLANG_WARN_CONSTANT_CONVERSION = YES;
				CLANG_WARN_DIRECT_OBJC_ISA_USAGE = YES_ERROR;
				CLANG_WARN_EMPTY_BODY = YES;
				CLANG_WARN_ENUM_CONVERSION = YES;
				CLANG_WARN_INT_CONVERSION = YES;
				CLANG_WARN_OBJC_ROOT_CLASS = YES_ERROR;
				CLANG_WARN__DUPLICATE_METHOD_MATCH = YES;
				"CODE_SIGN_IDENTITY[sdk=iphoneos*]" = "iPhone Developer";
				COPY_PHASE_STRIP = YES;
				ENABLE_NS_ASSERTIONS = NO;
				GCC_C_LANGUAGE_STANDARD = gnu99;
				GCC_WARN_64_TO_32_BIT_CONVERSION = YES;
				GCC_WARN_ABOUT_RETURN_TYPE = YES_ERROR;
				GCC_WARN_UNDECLARED_SELECTOR = YES;
				GCC_WARN_UNINITIALIZED_AUTOS = YES_AGGRESSIVE;
				GCC_WARN_UNUSED_FUNCTION = YES;
				GCC_WARN_UNUSED_VARIABLE = YES;
				IPHONEOS_DEPLOYMENT_TARGET = 7.1;
				SDKROOT = iphoneos;
				VALIDATE_PRODUCT = YES;
			};
			name = Release;
		};
		35169A1519BAE354001A84A9 /* Debug */ = {
			isa = XCBuildConfiguration;
			buildSettings = {
				ASSETCATALOG_COMPILER_APPICON_NAME = AppIcon;
				ASSETCATALOG_COMPILER_LAUNCHIMAGE_NAME = LaunchImage;
				GCC_PRECOMPILE_PREFIX_HEADER = YES;
				GCC_PREFIX_HEADER = "AnimationExercise/AnimationExercise-Prefix.pch";
				INFOPLIST_FILE = "AnimationExercise/AnimationExercise-Info.plist";
				PRODUCT_NAME = "$(TARGET_NAME)";
				WRAPPER_EXTENSION = app;
			};
			name = Debug;
		};
		35169A1619BAE354001A84A9 /* Release */ = {
			isa = XCBuildConfiguration;
			buildSettings = {
				ASSETCATALOG_COMPILER_APPICON_NAME = AppIcon;
				ASSETCATALOG_COMPILER_LAUNCHIMAGE_NAME = LaunchImage;
				GCC_PRECOMPILE_PREFIX_HEADER = YES;
				GCC_PREFIX_HEADER = "AnimationExercise/AnimationExercise-Prefix.pch";
				INFOPLIST_FILE = "AnimationExercise/AnimationExercise-Info.plist";
				PRODUCT_NAME = "$(TARGET_NAME)";
				WRAPPER_EXTENSION = app;
			};
			name = Release;
		};
		35169A1819BAE354001A84A9 /* Debug */ = {
			isa = XCBuildConfiguration;
			buildSettings = {
				BUNDLE_LOADER = "$(BUILT_PRODUCTS_DIR)/AnimationExercise.app/AnimationExercise";
				FRAMEWORK_SEARCH_PATHS = (
					"$(SDKROOT)/Developer/Library/Frameworks",
					"$(inherited)",
					"$(DEVELOPER_FRAMEWORKS_DIR)",
				);
				GCC_PRECOMPILE_PREFIX_HEADER = YES;
				GCC_PREFIX_HEADER = "AnimationExercise/AnimationExercise-Prefix.pch";
				GCC_PREPROCESSOR_DEFINITIONS = (
					"DEBUG=1",
					"$(inherited)",
				);
				INFOPLIST_FILE = "AnimationExerciseTests/AnimationExerciseTests-Info.plist";
				PRODUCT_NAME = "$(TARGET_NAME)";
				TEST_HOST = "$(BUNDLE_LOADER)";
				WRAPPER_EXTENSION = xctest;
			};
			name = Debug;
		};
		35169A1919BAE354001A84A9 /* Release */ = {
			isa = XCBuildConfiguration;
			buildSettings = {
				BUNDLE_LOADER = "$(BUILT_PRODUCTS_DIR)/AnimationExercise.app/AnimationExercise";
				FRAMEWORK_SEARCH_PATHS = (
					"$(SDKROOT)/Developer/Library/Frameworks",
					"$(inherited)",
					"$(DEVELOPER_FRAMEWORKS_DIR)",
				);
				GCC_PRECOMPILE_PREFIX_HEADER = YES;
				GCC_PREFIX_HEADER = "AnimationExercise/AnimationExercise-Prefix.pch";
				INFOPLIST_FILE = "AnimationExerciseTests/AnimationExerciseTests-Info.plist";
				PRODUCT_NAME = "$(TARGET_NAME)";
				TEST_HOST = "$(BUNDLE_LOADER)";
				WRAPPER_EXTENSION = xctest;
			};
			name = Release;
		};
/* End XCBuildConfiguration section */

/* Begin XCConfigurationList section */
		351699DD19BAE354001A84A9 /* Build configuration list for PBXProject "AnimationExercise" */ = {
			isa = XCConfigurationList;
			buildConfigurations = (
				35169A1219BAE354001A84A9 /* Debug */,
				35169A1319BAE354001A84A9 /* Release */,
			);
			defaultConfigurationIsVisible = 0;
			defaultConfigurationName = Release;
		};
		35169A1419BAE354001A84A9 /* Build configuration list for PBXNativeTarget "AnimationExercise" */ = {
			isa = XCConfigurationList;
			buildConfigurations = (
				35169A1519BAE354001A84A9 /* Debug */,
				35169A1619BAE354001A84A9 /* Release */,
			);
			defaultConfigurationIsVisible = 0;
			defaultConfigurationName = Release;
		};
		35169A1719BAE354001A84A9 /* Build configuration list for PBXNativeTarget "AnimationExerciseTests" */ = {
			isa = XCConfigurationList;
			buildConfigurations = (
				35169A1819BAE354001A84A9 /* Debug */,
				35169A1919BAE354001A84A9 /* Release */,
			);
			defaultConfigurationIsVisible = 0;
			defaultConfigurationName = Release;
		};
/* End XCConfigurationList section */
	};
	rootObject = 351699DA19BAE354001A84A9 /* Project object */;
}
